
Microsoft Visual Studio Solution File, Format Version 12.00
# Visual Studio Version 17
VisualStudioVersion = 17.1.32407.343
MinimumVisualStudioVersion = 10.0.40219.1
Project("{FAE04EC0-301F-11D3-BF4B-00C04F79EFBC}") = "Movie Rental", "Movie Rental\Movie Rental.csproj", "{0339866E-3C6F-4089-8EF7-57D268F830B4}"
EndProject
Global
	GlobalSection(SolutionConfigurationPlatforms) = preSolution
		Debug|Any CPU = Debug|Any CPU
		Release|Any CPU = Release|Any CPU
	EndGlobalSection
	GlobalSection(ProjectConfigurationPlatforms) = postSolution
		{0339866E-3C6F-4089-8EF7-57D268F830B4}.Debug|Any CPU.ActiveCfg = Debug|Any CPU
		{0339866E-3C6F-4089-8EF7-57D268F830B4}.Debug|Any CPU.Build.0 = Debug|Any CPU
		{0339866E-3C6F-4089-8EF7-57D268F830B4}.Release|Any CPU.ActiveCfg = Release|Any CPU
		{0339866E-3C6F-4089-8EF7-57D268F830B4}.Release|Any CPU.Build.0 = Release|Any CPU
	EndGlobalSection
	GlobalSection(SolutionProperties) = preSolution
		HideSolutionNode = FALSE
	EndGlobalSection
	GlobalSection(ExtensibilityGlobals) = postSolution
		SolutionGuid = {6AE5B66A-6427-487E-A357-FCDE26073E68}
	EndGlobalSection
EndGlobal
